
Microsoft Visual Studio Solution File, Format Version 12.00
# Visual Studio Version 16
VisualStudioVersion = 16.0.30503.244
MinimumVisualStudioVersion = 10.0.40219.1
Project("{8BC9CEB8-8B4A-11D0-8D11-00A0C91BC942}") = "MFCPractice7_DockingPaneTest", "MFCPractice7_DockingPaneTest.vcxproj", "{DA6E0C89-5512-4FA7-A24B-57FF69620306}"
EndProject
Global
	GlobalSection(SolutionConfigurationPlatforms) = preSolution
		Debug|x64 = Debug|x64
		Debug|x86 = Debug|x86
		Release|x64 = Release|x64
		Release|x86 = Release|x86
	EndGlobalSection
	GlobalSection(ProjectConfigurationPlatforms) = postSolution
		{DA6E0C89-5512-4FA7-A24B-57FF69620306}.Debug|x64.ActiveCfg = Debug|x64
		{DA6E0C89-5512-4FA7-A24B-57FF69620306}.Debug|x64.Build.0 = Debug|x64
		{DA6E0C89-5512-4FA7-A24B-57FF69620306}.Debug|x86.ActiveCfg = Debug|Win32
		{DA6E0C89-5512-4FA7-A24B-57FF69620306}.Debug|x86.Build.0 = Debug|Win32
		{DA6E0C89-5512-4FA7-A24B-57FF69620306}.Release|x64.ActiveCfg = Release|x64
		{DA6E0C89-5512-4FA7-A24B-57FF69620306}.Release|x64.Build.0 = Release|x64
		{DA6E0C89-5512-4FA7-A24B-57FF69620306}.Release|x86.ActiveCfg = Release|Win32
		{DA6E0C89-5512-4FA7-A24B-57FF69620306}.Release|x86.Build.0 = Release|Win32
	EndGlobalSection
	GlobalSection(SolutionProperties) = preSolution
		HideSolutionNode = FALSE
	EndGlobalSection
	GlobalSection(ExtensibilityGlobals) = postSolution
		SolutionGuid = {3A00456A-230B-48D7-A3FC-1AEB9EDF4F04}
	EndGlobalSection
EndGlobal
